<?xml version="1.0" encoding="utf-8"?>
<Project ToolsVersion="4.0" xmlns="http://schemas.microsoft.com/developer/msbuild/2003">
  <ItemGroup>
    <CudaCompile Include="kernel.cu" />
  </ItemGroup>
  <ItemGroup>
    <ClCompile Include="main.cpp" />
    <ClCompile Include="stb_image.cpp">
      <Filter>External</Filter>
    </ClCompile>
    <ClCompile Include="Actor.cpp">
      <Filter>Graphics\Source</Filter>
    </ClCompile>
    <ClCompile Include="Component.cpp">
      <Filter>Graphics\Source</Filter>
    </ClCompile>
    <ClCompile Include="Input.cpp">
      <Filter>Graphics\Source</Filter>
    </ClCompile>
    <ClCompile Include="VtHelper.cpp">
      <Filter>Graphics\Source</Filter>
    </ClCompile>
    <ClCompile Include="VtGraphics.cpp">
      <Filter>Graphics\Source</Filter>
    </ClCompile>
    <ClCompile Include="MeshRenderer.cpp">
      <Filter>Graphics\Source</Filter>
    </ClCompile>
  </ItemGroup>
  <ItemGroup>
    <Filter Include="External">
      <UniqueIdentifier>{04e0635a-1cc3-49fc-bbdd-7e499261e0f5}</UniqueIdentifier>
    </Filter>
    <Filter Include="Graphics">
      <UniqueIdentifier>{c647f013-7c6b-4ca7-a6a7-615ec1a7ba80}</UniqueIdentifier>
    </Filter>
    <Filter Include="Graphics\Source">
      <UniqueIdentifier>{1bf7cf9b-4757-428f-92c1-1ed329ef391c}</UniqueIdentifier>
    </Filter>
    <Filter Include="Graphics\Include">
      <UniqueIdentifier>{f7d33691-738f-4978-a722-b8e7ec4af743}</UniqueIdentifier>
    </Filter>
    <Filter Include="Shader">
      <UniqueIdentifier>{eb97d10c-213f-4430-bad0-dd5f5d16b600}</UniqueIdentifier>
    </Filter>
  </ItemGroup>
  <ItemGroup>
    <ClInclude Include="External\stb_image.h">
      <Filter>External</Filter>
    </ClInclude>
    <ClInclude Include="Camera.hpp">
      <Filter>Graphics\Include</Filter>
    </ClInclude>
    <ClInclude Include="Actor.hpp">
      <Filter>Graphics\Include</Filter>
    </ClInclude>
    <ClInclude Include="Component.hpp">
      <Filter>Graphics\Include</Filter>
    </ClInclude>
    <ClInclude Include="DefaultAssets.hpp">
      <Filter>Graphics\Include</Filter>
    </ClInclude>
    <ClInclude Include="Global.hpp">
      <Filter>Graphics\Include</Filter>
    </ClInclude>
    <ClInclude Include="Config.hpp">
      <Filter>Graphics\Include</Filter>
    </ClInclude>
    <ClInclude Include="Input.hpp">
      <Filter>Graphics\Include</Filter>
    </ClInclude>
    <ClInclude Include="Material.hpp">
      <Filter>Graphics\Include</Filter>
    </ClInclude>
    <ClInclude Include="Light.hpp">
      <Filter>Graphics\Include</Filter>
    </ClInclude>
    <ClInclude Include="Mesh.hpp">
      <Filter>Graphics\Include</Filter>
    </ClInclude>
    <ClInclude Include="MeshRenderer.hpp">
      <Filter>Graphics\Include</Filter>
    </ClInclude>
    <ClInclude Include="PlayerController.hpp">
      <Filter>Graphics\Include</Filter>
    </ClInclude>
    <ClInclude Include="Transform.hpp">
      <Filter>Graphics\Include</Filter>
    </ClInclude>
    <ClInclude Include="VtGraphics.hpp">
      <Filter>Graphics\Include</Filter>
    </ClInclude>
    <ClInclude Include="VtHelper.hpp">
      <Filter>Graphics\Include</Filter>
    </ClInclude>
    <ClInclude Include="Resource.hpp">
      <Filter>Graphics\Include</Filter>
    </ClInclude>
    <ClInclude Include="RenderPipeline.hpp">
      <Filter>Graphics\Include</Filter>
    </ClInclude>
  </ItemGroup>
  <ItemGroup>
    <None Include="Assets\Shader\_Default.frag">
      <Filter>Shader</Filter>
    </None>
    <None Include="Assets\Shader\_Default.vert">
      <Filter>Shader</Filter>
    </None>
    <None Include="Assets\Shader\_Light.frag">
      <Filter>Shader</Filter>
    </None>
    <None Include="Assets\Shader\_Light.vert">
      <Filter>Shader</Filter>
    </None>
    <None Include="Assets\Shader\BlinnPhong.frag">
      <Filter>Shader</Filter>
    </None>
    <None Include="Assets\Shader\BlinnPhong.vert">
      <Filter>Shader</Filter>
    </None>
    <None Include="Assets\Shader\_ShadowDepth.frag">
      <Filter>Shader</Filter>
    </None>
    <None Include="Assets\Shader\_ShadowDepth.vert">
      <Filter>Shader</Filter>
    </None>
    <None Include="Assets\Shader\_ShadowDebug.frag">
      <Filter>Shader</Filter>
    </None>
    <None Include="Assets\Shader\_ShadowDebug.vert">
      <Filter>Shader</Filter>
    </None>
    <None Include="Assets\Shader\_InfinitePlane.frag">
      <Filter>Shader</Filter>
    </None>
    <None Include="Assets\Shader\_InfinitePlane.vert">
      <Filter>Shader</Filter>
    </None>
  </ItemGroup>
</Project>